{
	"name": "dev",
	"version": "1.0.0",
	"lockfileVersion": 1,
	"requires": true,
	"dependencies": {
		"lit-element": {
			"version": "2.2.1",
			"resolved": "https://registry.npmjs.org/lit-element/-/lit-element-2.2.1.tgz",
			"integrity": "sha512-ipDcgQ1EpW6Va2Z6dWm79jYdimVepO5GL0eYkZrFvdr0OD/1N260Q9DH+K5HXHFrRoC7dOg+ZpED2XE0TgGdXw==",
			"requires": {
				"lit-html": "^1.0.0"
			}
		},
		"lit-html": {
			"version": "1.1.1",
			"resolved": "https://registry.npmjs.org/lit-html/-/lit-html-1.1.1.tgz",
			"integrity": "sha512-1WqhkPpj+CKwLRXCCbyRGnWkcFKE4ft2+j8C2zaXwFUK9I2vYDzTuDGPh0H9hZcDBEwoe6YpPC8AO5734EPORQ=="
		},
		"ts-lit-plugin": {
			"version": "file:../packages/ts-lit-plugin",
			"requires": {
				"lit-analyzer": "1.1.2"
			}
		},
		"typescript": {
			"version": "3.5.3",
			"resolved": "https://registry.npmjs.org/typescript/-/typescript-3.5.3.tgz",
			"integrity": "sha512-ACzBtm/PhXBDId6a6sDJfroT2pOWt/oOnk4/dElG5G33ZL776N3Y6/6bKZJBFpd+b05F3Ct9qDjMeJmRWtE2/g==",
			"dev": true
		}
	}
}
